version = 1
revision = 3
requires-python = ">=3.12"

[[package]]
name = "clang"
version = "21.1.7"
source = { registry = "https://pypi.org/simple" }
sdist = { url = "https://files.pythonhosted.org/packages/50/9b/956a03195656847c4e3620dab9c36c9e53aecf685a6c3f0bc1ce025d7ec3/clang-21.1.7.tar.gz", hash = "sha256:01d5602b3fff77fef6d691a193d7aead4766b0f11d789d596200f3334a88f4b8", size = 8600, upload-time = "2025-12-18T22:04:51.886Z" }
wheels = [
    { url = "https://files.pythonhosted.org/packages/50/a4/608c542925949b300a295baa422b568f835044c5e3ad20820676b840228a/clang-21.1.7-py3-none-any.whl", hash = "sha256:23ee8f7b62af648009aee5139516b2a2a9320680dbce6e42a53e48bd5e8983ea", size = 40240, upload-time = "2025-12-18T22:04:50.636Z" },
]

[[package]]
name = "libclang"
version = "18.1.1"
source = { registry = "https://pypi.org/simple" }
sdist = { url = "https://files.pythonhosted.org/packages/6e/5c/ca35e19a4f142adffa27e3d652196b7362fa612243e2b916845d801454fc/libclang-18.1.1.tar.gz", hash = "sha256:a1214966d08d73d971287fc3ead8dfaf82eb07fb197680d8b3859dbbbbf78250", size = 39612, upload-time = "2024-03-17T16:04:37.434Z" }
wheels = [
    { url = "https://files.pythonhosted.org/packages/4b/49/f5e3e7e1419872b69f6f5e82ba56e33955a74bd537d8a1f5f1eff2f3668a/libclang-18.1.1-1-py2.py3-none-macosx_11_0_arm64.whl", hash = "sha256:0b2e143f0fac830156feb56f9231ff8338c20aecfe72b4ffe96f19e5a1dbb69a", size = 25836045, upload-time = "2024-06-30T17:40:31.646Z" },
    { url = "https://files.pythonhosted.org/packages/e2/e5/fc61bbded91a8830ccce94c5294ecd6e88e496cc85f6704bf350c0634b70/libclang-18.1.1-py2.py3-none-macosx_10_9_x86_64.whl", hash = "sha256:6f14c3f194704e5d09769108f03185fce7acaf1d1ae4bbb2f30a72c2400cb7c5", size = 26502641, upload-time = "2024-03-18T15:52:26.722Z" },
    { url = "https://files.pythonhosted.org/packages/db/ed/1df62b44db2583375f6a8a5e2ca5432bbdc3edb477942b9b7c848c720055/libclang-18.1.1-py2.py3-none-macosx_11_0_arm64.whl", hash = "sha256:83ce5045d101b669ac38e6da8e58765f12da2d3aafb3b9b98d88b286a60964d8", size = 26420207, upload-time = "2024-03-17T15:00:26.63Z" },
]

[[package]]
name = "libclang-lab"
version = "0.1.0"
source = { editable = "." }
dependencies = [
    { name = "clang", marker = "sys_platform != 'darwin'" },
    { name = "libclang", marker = "sys_platform == 'darwin'" },
]

[package.metadata]
requires-dist = [
    { name = "clang", marker = "sys_platform != 'darwin'", specifier = ">=21.1.7" },
    { name = "libclang", marker = "sys_platform == 'darwin'", specifier = ">=18.1.1" },
]
